
Microsoft Visual Studio Solution File, Format Version 12.00
# Visual Studio Version 17
VisualStudioVersion = 17.8.34330.188
MinimumVisualStudioVersion = 10.0.40219.1
Project("{FAE04EC0-301F-11D3-BF4B-00C04F79EFBC}") = "Richter", "Richter\Richter.csproj", "{044E8629-C317-4EA0-A4C7-80EE4F7FCF40}"
EndProject
Project("{FAE04EC0-301F-11D3-BF4B-00C04F79EFBC}") = "Delegates", "Delegates\Delegates.csproj", "{CA55FBF3-715B-4021-9465-5E18FA7E3413}"
EndProject
Project("{FAE04EC0-301F-11D3-BF4B-00C04F79EFBC}") = "Events", "Events\Events.csproj", "{353175E0-7737-4F51-A74E-E2B8E45CC0C2}"
EndProject
Project("{FAE04EC0-301F-11D3-BF4B-00C04F79EFBC}") = "Generics", "Generics\Generics.csproj", "{982E8301-5D79-4C9A-9C02-126C4ADA43E6}"
EndProject
Project("{FAE04EC0-301F-11D3-BF4B-00C04F79EFBC}") = "Reflection", "Reflection\Reflection.csproj", "{AA1FDB5D-7341-48FF-AFC8-3FCE66B8CA7C}"
EndProject
Project("{FAE04EC0-301F-11D3-BF4B-00C04F79EFBC}") = "Exceptions", "Exceptions\Exceptions.csproj", "{60C4530B-059F-4A3D-A284-CB6141F79490}"
EndProject
Project("{FAE04EC0-301F-11D3-BF4B-00C04F79EFBC}") = "Serialization", "Serialization\Serialization.csproj", "{FBDAE0EE-218B-41A2-A7DF-C85119BE3C95}"
EndProject
Project("{FAE04EC0-301F-11D3-BF4B-00C04F79EFBC}") = "Strings", "Strings\Strings.csproj", "{1B8B4D52-9BA8-4E73-A003-36EA3A29FE34}"
EndProject
Project("{FAE04EC0-301F-11D3-BF4B-00C04F79EFBC}") = "Enums", "Enums\Enums.csproj", "{5335BA66-328E-458D-BF94-9E889D337DE4}"
EndProject
Project("{FAE04EC0-301F-11D3-BF4B-00C04F79EFBC}") = "Arrays", "Arrays\Arrays.csproj", "{0CF55B0D-7628-4FC0-84F5-BB88887D1C9B}"
EndProject
Project("{FAE04EC0-301F-11D3-BF4B-00C04F79EFBC}") = "Types", "Types\Types.csproj", "{DD92DC64-D050-4F0B-A06C-D1EC590D21E6}"
EndProject
Project("{FAE04EC0-301F-11D3-BF4B-00C04F79EFBC}") = "BoxingUnboxing", "BoxingUnboxing\BoxingUnboxing.csproj", "{D58E43F6-4500-4D04-92FE-010E31FA3824}"
EndProject
Project("{FAE04EC0-301F-11D3-BF4B-00C04F79EFBC}") = "ConstantsFields", "ConstantsFields\ConstantsFields.csproj", "{96A4129F-6669-43CA-BA76-F2FF1E49C1B9}"
EndProject
Project("{FAE04EC0-301F-11D3-BF4B-00C04F79EFBC}") = "Methods", "Methods\Methods.csproj", "{FCE2ABE6-28FA-4FD3-9C08-AC817BA94770}"
EndProject
Project("{FAE04EC0-301F-11D3-BF4B-00C04F79EFBC}") = "Parameters", "Parameters\Parameters.csproj", "{D50CD21A-D04E-4D41-8830-CA94D95C840C}"
EndProject
Project("{FAE04EC0-301F-11D3-BF4B-00C04F79EFBC}") = "Properties", "Properties\Properties.csproj", "{4040B3B0-ABD9-4B4F-AD49-E51EA9B3964B}"
EndProject
Project("{FAE04EC0-301F-11D3-BF4B-00C04F79EFBC}") = "Interfaces", "Interfaces\Interfaces.csproj", "{7C87E74D-A618-4989-8CD6-9913EA298DA0}"
EndProject
Project("{9A19103F-16F7-4668-BE54-9A1E7A4F7556}") = "GarbageCollector", "GarbageCollector\GarbageCollector.csproj", "{94771641-D5AF-4A2A-BE6B-C857CDB6A7F6}"
EndProject
Project("{9A19103F-16F7-4668-BE54-9A1E7A4F7556}") = "BasicCLR", "BasicCLR\BasicCLR.csproj", "{A57D7C13-48F7-4AB7-BCF9-1CE0B737F5B7}"
EndProject
Project("{9A19103F-16F7-4668-BE54-9A1E7A4F7556}") = "Attributes", "Attributes\Attributes.csproj", "{54C41116-BAFF-4A7A-B9EC-CFA2BFB2CDD7}"
EndProject
Project("{9A19103F-16F7-4668-BE54-9A1E7A4F7556}") = "NullableTypes", "NullableTypes\NullableTypes.csproj", "{8470FB24-1069-4A0D-846B-30983A995EA7}"
EndProject
Project("{9A19103F-16F7-4668-BE54-9A1E7A4F7556}") = "WinRT", "WinRT\WinRT.csproj", "{826D29C2-16BE-47A7-A3B0-87E9A4EE2769}"
EndProject
Global
	GlobalSection(SolutionConfigurationPlatforms) = preSolution
		Debug|Any CPU = Debug|Any CPU
		Release|Any CPU = Release|Any CPU
	EndGlobalSection
	GlobalSection(ProjectConfigurationPlatforms) = postSolution
		{044E8629-C317-4EA0-A4C7-80EE4F7FCF40}.Debug|Any CPU.ActiveCfg = Debug|Any CPU
		{044E8629-C317-4EA0-A4C7-80EE4F7FCF40}.Debug|Any CPU.Build.0 = Debug|Any CPU
		{044E8629-C317-4EA0-A4C7-80EE4F7FCF40}.Release|Any CPU.ActiveCfg = Release|Any CPU
		{044E8629-C317-4EA0-A4C7-80EE4F7FCF40}.Release|Any CPU.Build.0 = Release|Any CPU
		{CA55FBF3-715B-4021-9465-5E18FA7E3413}.Debug|Any CPU.ActiveCfg = Debug|Any CPU
		{CA55FBF3-715B-4021-9465-5E18FA7E3413}.Debug|Any CPU.Build.0 = Debug|Any CPU
		{CA55FBF3-715B-4021-9465-5E18FA7E3413}.Release|Any CPU.ActiveCfg = Release|Any CPU
		{CA55FBF3-715B-4021-9465-5E18FA7E3413}.Release|Any CPU.Build.0 = Release|Any CPU
		{353175E0-7737-4F51-A74E-E2B8E45CC0C2}.Debug|Any CPU.ActiveCfg = Debug|Any CPU
		{353175E0-7737-4F51-A74E-E2B8E45CC0C2}.Debug|Any CPU.Build.0 = Debug|Any CPU
		{353175E0-7737-4F51-A74E-E2B8E45CC0C2}.Release|Any CPU.ActiveCfg = Release|Any CPU
		{353175E0-7737-4F51-A74E-E2B8E45CC0C2}.Release|Any CPU.Build.0 = Release|Any CPU
		{982E8301-5D79-4C9A-9C02-126C4ADA43E6}.Debug|Any CPU.ActiveCfg = Debug|Any CPU
		{982E8301-5D79-4C9A-9C02-126C4ADA43E6}.Debug|Any CPU.Build.0 = Debug|Any CPU
		{982E8301-5D79-4C9A-9C02-126C4ADA43E6}.Release|Any CPU.ActiveCfg = Release|Any CPU
		{982E8301-5D79-4C9A-9C02-126C4ADA43E6}.Release|Any CPU.Build.0 = Release|Any CPU
		{AA1FDB5D-7341-48FF-AFC8-3FCE66B8CA7C}.Debug|Any CPU.ActiveCfg = Debug|Any CPU
		{AA1FDB5D-7341-48FF-AFC8-3FCE66B8CA7C}.Debug|Any CPU.Build.0 = Debug|Any CPU
		{AA1FDB5D-7341-48FF-AFC8-3FCE66B8CA7C}.Release|Any CPU.ActiveCfg = Release|Any CPU
		{AA1FDB5D-7341-48FF-AFC8-3FCE66B8CA7C}.Release|Any CPU.Build.0 = Release|Any CPU
		{60C4530B-059F-4A3D-A284-CB6141F79490}.Debug|Any CPU.ActiveCfg = Debug|Any CPU
		{60C4530B-059F-4A3D-A284-CB6141F79490}.Debug|Any CPU.Build.0 = Debug|Any CPU
		{60C4530B-059F-4A3D-A284-CB6141F79490}.Release|Any CPU.ActiveCfg = Release|Any CPU
		{60C4530B-059F-4A3D-A284-CB6141F79490}.Release|Any CPU.Build.0 = Release|Any CPU
		{FBDAE0EE-218B-41A2-A7DF-C85119BE3C95}.Debug|Any CPU.ActiveCfg = Debug|Any CPU
		{FBDAE0EE-218B-41A2-A7DF-C85119BE3C95}.Debug|Any CPU.Build.0 = Debug|Any CPU
		{FBDAE0EE-218B-41A2-A7DF-C85119BE3C95}.Release|Any CPU.ActiveCfg = Release|Any CPU
		{FBDAE0EE-218B-41A2-A7DF-C85119BE3C95}.Release|Any CPU.Build.0 = Release|Any CPU
		{1B8B4D52-9BA8-4E73-A003-36EA3A29FE34}.Debug|Any CPU.ActiveCfg = Debug|Any CPU
		{1B8B4D52-9BA8-4E73-A003-36EA3A29FE34}.Debug|Any CPU.Build.0 = Debug|Any CPU
		{1B8B4D52-9BA8-4E73-A003-36EA3A29FE34}.Release|Any CPU.ActiveCfg = Release|Any CPU
		{1B8B4D52-9BA8-4E73-A003-36EA3A29FE34}.Release|Any CPU.Build.0 = Release|Any CPU
		{5335BA66-328E-458D-BF94-9E889D337DE4}.Debug|Any CPU.ActiveCfg = Debug|Any CPU
		{5335BA66-328E-458D-BF94-9E889D337DE4}.Debug|Any CPU.Build.0 = Debug|Any CPU
		{5335BA66-328E-458D-BF94-9E889D337DE4}.Release|Any CPU.ActiveCfg = Release|Any CPU
		{5335BA66-328E-458D-BF94-9E889D337DE4}.Release|Any CPU.Build.0 = Release|Any CPU
		{0CF55B0D-7628-4FC0-84F5-BB88887D1C9B}.Debug|Any CPU.ActiveCfg = Debug|Any CPU
		{0CF55B0D-7628-4FC0-84F5-BB88887D1C9B}.Debug|Any CPU.Build.0 = Debug|Any CPU
		{0CF55B0D-7628-4FC0-84F5-BB88887D1C9B}.Release|Any CPU.ActiveCfg = Release|Any CPU
		{0CF55B0D-7628-4FC0-84F5-BB88887D1C9B}.Release|Any CPU.Build.0 = Release|Any CPU
		{DD92DC64-D050-4F0B-A06C-D1EC590D21E6}.Debug|Any CPU.ActiveCfg = Debug|Any CPU
		{DD92DC64-D050-4F0B-A06C-D1EC590D21E6}.Debug|Any CPU.Build.0 = Debug|Any CPU
		{DD92DC64-D050-4F0B-A06C-D1EC590D21E6}.Release|Any CPU.ActiveCfg = Release|Any CPU
		{DD92DC64-D050-4F0B-A06C-D1EC590D21E6}.Release|Any CPU.Build.0 = Release|Any CPU
		{D58E43F6-4500-4D04-92FE-010E31FA3824}.Debug|Any CPU.ActiveCfg = Debug|Any CPU
		{D58E43F6-4500-4D04-92FE-010E31FA3824}.Debug|Any CPU.Build.0 = Debug|Any CPU
		{D58E43F6-4500-4D04-92FE-010E31FA3824}.Release|Any CPU.ActiveCfg = Release|Any CPU
		{D58E43F6-4500-4D04-92FE-010E31FA3824}.Release|Any CPU.Build.0 = Release|Any CPU
		{96A4129F-6669-43CA-BA76-F2FF1E49C1B9}.Debug|Any CPU.ActiveCfg = Debug|Any CPU
		{96A4129F-6669-43CA-BA76-F2FF1E49C1B9}.Debug|Any CPU.Build.0 = Debug|Any CPU
		{96A4129F-6669-43CA-BA76-F2FF1E49C1B9}.Release|Any CPU.ActiveCfg = Release|Any CPU
		{96A4129F-6669-43CA-BA76-F2FF1E49C1B9}.Release|Any CPU.Build.0 = Release|Any CPU
		{FCE2ABE6-28FA-4FD3-9C08-AC817BA94770}.Debug|Any CPU.ActiveCfg = Debug|Any CPU
		{FCE2ABE6-28FA-4FD3-9C08-AC817BA94770}.Debug|Any CPU.Build.0 = Debug|Any CPU
		{FCE2ABE6-28FA-4FD3-9C08-AC817BA94770}.Release|Any CPU.ActiveCfg = Release|Any CPU
		{FCE2ABE6-28FA-4FD3-9C08-AC817BA94770}.Release|Any CPU.Build.0 = Release|Any CPU
		{D50CD21A-D04E-4D41-8830-CA94D95C840C}.Debug|Any CPU.ActiveCfg = Debug|Any CPU
		{D50CD21A-D04E-4D41-8830-CA94D95C840C}.Debug|Any CPU.Build.0 = Debug|Any CPU
		{D50CD21A-D04E-4D41-8830-CA94D95C840C}.Release|Any CPU.ActiveCfg = Release|Any CPU
		{D50CD21A-D04E-4D41-8830-CA94D95C840C}.Release|Any CPU.Build.0 = Release|Any CPU
		{4040B3B0-ABD9-4B4F-AD49-E51EA9B3964B}.Debug|Any CPU.ActiveCfg = Debug|Any CPU
		{4040B3B0-ABD9-4B4F-AD49-E51EA9B3964B}.Debug|Any CPU.Build.0 = Debug|Any CPU
		{4040B3B0-ABD9-4B4F-AD49-E51EA9B3964B}.Release|Any CPU.ActiveCfg = Release|Any CPU
		{4040B3B0-ABD9-4B4F-AD49-E51EA9B3964B}.Release|Any CPU.Build.0 = Release|Any CPU
		{7C87E74D-A618-4989-8CD6-9913EA298DA0}.Debug|Any CPU.ActiveCfg = Debug|Any CPU
		{7C87E74D-A618-4989-8CD6-9913EA298DA0}.Debug|Any CPU.Build.0 = Debug|Any CPU
		{7C87E74D-A618-4989-8CD6-9913EA298DA0}.Release|Any CPU.ActiveCfg = Release|Any CPU
		{7C87E74D-A618-4989-8CD6-9913EA298DA0}.Release|Any CPU.Build.0 = Release|Any CPU
		{94771641-D5AF-4A2A-BE6B-C857CDB6A7F6}.Debug|Any CPU.ActiveCfg = Debug|Any CPU
		{94771641-D5AF-4A2A-BE6B-C857CDB6A7F6}.Debug|Any CPU.Build.0 = Debug|Any CPU
		{94771641-D5AF-4A2A-BE6B-C857CDB6A7F6}.Release|Any CPU.ActiveCfg = Release|Any CPU
		{94771641-D5AF-4A2A-BE6B-C857CDB6A7F6}.Release|Any CPU.Build.0 = Release|Any CPU
		{A57D7C13-48F7-4AB7-BCF9-1CE0B737F5B7}.Debug|Any CPU.ActiveCfg = Debug|Any CPU
		{A57D7C13-48F7-4AB7-BCF9-1CE0B737F5B7}.Debug|Any CPU.Build.0 = Debug|Any CPU
		{A57D7C13-48F7-4AB7-BCF9-1CE0B737F5B7}.Release|Any CPU.ActiveCfg = Release|Any CPU
		{A57D7C13-48F7-4AB7-BCF9-1CE0B737F5B7}.Release|Any CPU.Build.0 = Release|Any CPU
		{54C41116-BAFF-4A7A-B9EC-CFA2BFB2CDD7}.Debug|Any CPU.ActiveCfg = Debug|Any CPU
		{54C41116-BAFF-4A7A-B9EC-CFA2BFB2CDD7}.Debug|Any CPU.Build.0 = Debug|Any CPU
		{54C41116-BAFF-4A7A-B9EC-CFA2BFB2CDD7}.Release|Any CPU.ActiveCfg = Release|Any CPU
		{54C41116-BAFF-4A7A-B9EC-CFA2BFB2CDD7}.Release|Any CPU.Build.0 = Release|Any CPU
		{8470FB24-1069-4A0D-846B-30983A995EA7}.Debug|Any CPU.ActiveCfg = Debug|Any CPU
		{8470FB24-1069-4A0D-846B-30983A995EA7}.Debug|Any CPU.Build.0 = Debug|Any CPU
		{8470FB24-1069-4A0D-846B-30983A995EA7}.Release|Any CPU.ActiveCfg = Release|Any CPU
		{8470FB24-1069-4A0D-846B-30983A995EA7}.Release|Any CPU.Build.0 = Release|Any CPU
		{826D29C2-16BE-47A7-A3B0-87E9A4EE2769}.Debug|Any CPU.ActiveCfg = Debug|Any CPU
		{826D29C2-16BE-47A7-A3B0-87E9A4EE2769}.Debug|Any CPU.Build.0 = Debug|Any CPU
		{826D29C2-16BE-47A7-A3B0-87E9A4EE2769}.Release|Any CPU.ActiveCfg = Release|Any CPU
		{826D29C2-16BE-47A7-A3B0-87E9A4EE2769}.Release|Any CPU.Build.0 = Release|Any CPU
	EndGlobalSection
	GlobalSection(SolutionProperties) = preSolution
		HideSolutionNode = FALSE
	EndGlobalSection
	GlobalSection(ExtensibilityGlobals) = postSolution
		SolutionGuid = {7744D86F-E23F-4A73-AA31-FD7C151AA01B}
	EndGlobalSection
EndGlobal
